
Microsoft Visual Studio Solution File, Format Version 12.00
# Visual Studio Version 17
VisualStudioVersion = 17.5.33530.505
MinimumVisualStudioVersion = 10.0.40219.1
Project("{FAE04EC0-301F-11D3-BF4B-00C04F79EFBC}") = "Splay-Tree", "Splay-Tree\Splay-Tree.csproj", "{65FC0739-7D37-4598-AA6D-35D16C322504}"
EndProject
Global
	GlobalSection(SolutionConfigurationPlatforms) = preSolution
		Debug|Any CPU = Debug|Any CPU
		Release|Any CPU = Release|Any CPU
	EndGlobalSection
	GlobalSection(ProjectConfigurationPlatforms) = postSolution
		{65FC0739-7D37-4598-AA6D-35D16C322504}.Debug|Any CPU.ActiveCfg = Debug|Any CPU
		{65FC0739-7D37-4598-AA6D-35D16C322504}.Debug|Any CPU.Build.0 = Debug|Any CPU
		{65FC0739-7D37-4598-AA6D-35D16C322504}.Release|Any CPU.ActiveCfg = Release|Any CPU
		{65FC0739-7D37-4598-AA6D-35D16C322504}.Release|Any CPU.Build.0 = Release|Any CPU
	EndGlobalSection
	GlobalSection(SolutionProperties) = preSolution
		HideSolutionNode = FALSE
	EndGlobalSection
	GlobalSection(ExtensibilityGlobals) = postSolution
		SolutionGuid = {9261FD94-89DD-42E2-8337-80B97F82E580}
	EndGlobalSection
EndGlobal
